
Microsoft Visual Studio Solution File, Format Version 11.00
# Visual Studio 2010
Project("{FAE04EC0-301F-11D3-BF4B-00C04F79EFBC}") = "Bound", "Bound\Bound\Bound.csproj", "{E7D21FD5-49B4-415B-B244-334CD8F14ACC}"
EndProject
Project("{96E2B04D-8817-42C6-938A-82C39BA4D311}") = "BoundContent", "Bound\BoundContent\BoundContent.contentproj", "{005D7935-F388-4D09-BC46-F58F5C02C316}"
EndProject
Global
	GlobalSection(SolutionConfigurationPlatforms) = preSolution
		Debug|x86 = Debug|x86
		Release|x86 = Release|x86
	EndGlobalSection
	GlobalSection(ProjectConfigurationPlatforms) = postSolution
		{E7D21FD5-49B4-415B-B244-334CD8F14ACC}.Debug|x86.ActiveCfg = Debug|x86
		{E7D21FD5-49B4-415B-B244-334CD8F14ACC}.Debug|x86.Build.0 = Debug|x86
		{E7D21FD5-49B4-415B-B244-334CD8F14ACC}.Release|x86.ActiveCfg = Release|x86
		{E7D21FD5-49B4-415B-B244-334CD8F14ACC}.Release|x86.Build.0 = Release|x86
		{005D7935-F388-4D09-BC46-F58F5C02C316}.Debug|x86.ActiveCfg = Debug|x86
		{005D7935-F388-4D09-BC46-F58F5C02C316}.Release|x86.ActiveCfg = Release|x86
	EndGlobalSection
	GlobalSection(SolutionProperties) = preSolution
		HideSolutionNode = FALSE
	EndGlobalSection
EndGlobal
